
Microsoft Visual Studio Solution File, Format Version 12.00
# Visual Studio 15
Project("{FAE04EC0-301F-11D3-BF4B-00C04F79EFBC}") = "BeingCraftsman.FizzBuzz.Tests", "BeingCraftsman.FizzBuzzGenerator.Tests\BeingCraftsman.FizzBuzz.Tests.csproj", "{4CE07F3E-4677-4643-BFD1-50DFFAF3D8C3}"
EndProject
Project("{FAE04EC0-301F-11D3-BF4B-00C04F79EFBC}") = "BeingCraftsman.FizzBuzz", "BeingCraftsman.FizzBuzzGenerator\BeingCraftsman.FizzBuzz.csproj", "{CD87EAF2-1E4F-4E3C-AB0E-C6E05172DA63}"
EndProject
Global
	GlobalSection(SolutionConfigurationPlatforms) = preSolution
		Debug|x86 = Debug|x86
		Release|x86 = Release|x86
	EndGlobalSection
	GlobalSection(ProjectConfigurationPlatforms) = postSolution
		{4CE07F3E-4677-4643-BFD1-50DFFAF3D8C3}.Debug|x86.ActiveCfg = Debug|Any CPU
		{4CE07F3E-4677-4643-BFD1-50DFFAF3D8C3}.Debug|x86.Build.0 = Debug|Any CPU
		{4CE07F3E-4677-4643-BFD1-50DFFAF3D8C3}.Release|x86.ActiveCfg = Release|Any CPU
		{4CE07F3E-4677-4643-BFD1-50DFFAF3D8C3}.Release|x86.Build.0 = Release|Any CPU
		{CD87EAF2-1E4F-4E3C-AB0E-C6E05172DA63}.Debug|x86.ActiveCfg = Debug|Any CPU
		{CD87EAF2-1E4F-4E3C-AB0E-C6E05172DA63}.Debug|x86.Build.0 = Debug|Any CPU
		{CD87EAF2-1E4F-4E3C-AB0E-C6E05172DA63}.Release|x86.ActiveCfg = Release|Any CPU
		{CD87EAF2-1E4F-4E3C-AB0E-C6E05172DA63}.Release|x86.Build.0 = Release|Any CPU
	EndGlobalSection
	GlobalSection(MonoDevelopProperties) = preSolution
		Policies = $0
		$0.DotNetNamingPolicy = $1
		$1.DirectoryNamespaceAssociation = PrefixedHierarchical
		$0.TextStylePolicy = $2
		$2.inheritsSet = null
		$2.scope = text/x-csharp
		$0.CSharpFormattingPolicy = $3
		$3.scope = text/x-csharp
		$0.StandardHeader = $4
		$0.VersionControlPolicy = $5
	EndGlobalSection
EndGlobal
